// !$*UTF8*$!
{
	archiveVersion = 1;
	classes = {
	};
	objectVersion = 56;
	objects = {

/* Begin PBXBuildFile section */
		E182EDFA29C3635D00DFA535 /* AppDelegate.swift in Sources */ = {isa = PBXBuildFile; fileRef = E182EDF929C3635D00DFA535 /* AppDelegate.swift */; };
		E182EDFC29C3635D00DFA535 /* SceneDelegate.swift in Sources */ = {isa = PBXBuildFile; fileRef = E182EDFB29C3635D00DFA535 /* SceneDelegate.swift */; };
		E182EDFE29C3635D00DFA535 /* ViewController.swift in Sources */ = {isa = PBXBuildFile; fileRef = E182EDFD29C3635D00DFA535 /* ViewController.swift */; };
		E182EE0129C3635D00DFA535 /* Main.storyboard in Resources */ = {isa = PBXBuildFile; fileRef = E182EDFF29C3635D00DFA535 /* Main.storyboard */; };
		E182EE0329C3635E00DFA535 /* Assets.xcassets in Resources */ = {isa = PBXBuildFile; fileRef = E182EE0229C3635E00DFA535 /* Assets.xcassets */; };
		E182EE0629C3635E00DFA535 /* LaunchScreen.storyboard in Resources */ = {isa = PBXBuildFile; fileRef = E182EE0429C3635E00DFA535 /* LaunchScreen.storyboard */; };
		E182EE1129C3635E00DFA535 /* SnapTests.swift in Sources */ = {isa = PBXBuildFile; fileRef = E182EE1029C3635E00DFA535 /* SnapTests.swift */; };
		E182EE1B29C3635E00DFA535 /* SnapUITests.swift in Sources */ = {isa = PBXBuildFile; fileRef = E182EE1A29C3635E00DFA535 /* SnapUITests.swift */; };
		E182EE1D29C3635E00DFA535 /* SnapUITestsLaunchTests.swift in Sources */ = {isa = PBXBuildFile; fileRef = E182EE1C29C3635E00DFA535 /* SnapUITestsLaunchTests.swift */; };
		E182EE3A29C368DC00DFA535 /* SnapshotTests.swift in Sources */ = {isa = PBXBuildFile; fileRef = E182EE3929C368DC00DFA535 /* SnapshotTests.swift */; };
		E182EE4229C3696800DFA535 /* UIViewController+Snapshot.swift in Sources */ = {isa = PBXBuildFile; fileRef = E182EE4129C3696800DFA535 /* UIViewController+Snapshot.swift */; };
		E182EE4629C36EEA00DFA535 /* XCTestCase+Snapshot.swift in Sources */ = {isa = PBXBuildFile; fileRef = E182EE4529C36EEA00DFA535 /* XCTestCase+Snapshot.swift */; };
/* End PBXBuildFile section */

/* Begin PBXContainerItemProxy section */
		E182EE0D29C3635E00DFA535 /* PBXContainerItemProxy */ = {
			isa = PBXContainerItemProxy;
			containerPortal = E182EDEE29C3635D00DFA535 /* Project object */;
			proxyType = 1;
			remoteGlobalIDString = E182EDF529C3635D00DFA535;
			remoteInfo = Snap;
		};
		E182EE1729C3635E00DFA535 /* PBXContainerItemProxy */ = {
			isa = PBXContainerItemProxy;
			containerPortal = E182EDEE29C3635D00DFA535 /* Project object */;
			proxyType = 1;
			remoteGlobalIDString = E182EDF529C3635D00DFA535;
			remoteInfo = Snap;
		};
		E182EE3B29C368DC00DFA535 /* PBXContainerItemProxy */ = {
			isa = PBXContainerItemProxy;
			containerPortal = E182EDEE29C3635D00DFA535 /* Project object */;
			proxyType = 1;
			remoteGlobalIDString = E182EDF529C3635D00DFA535;
			remoteInfo = Snap;
		};
/* End PBXContainerItemProxy section */

/* Begin PBXFileReference section */
		E182EDF629C3635D00DFA535 /* Snap.app */ = {isa = PBXFileReference; explicitFileType = wrapper.application; includeInIndex = 0; path = Snap.app; sourceTree = BUILT_PRODUCTS_DIR; };
		E182EDF929C3635D00DFA535 /* AppDelegate.swift */ = {isa = PBXFileReference; lastKnownFileType = sourcecode.swift; path = AppDelegate.swift; sourceTree = "<group>"; };
		E182EDFB29C3635D00DFA535 /* SceneDelegate.swift */ = {isa = PBXFileReference; lastKnownFileType = sourcecode.swift; path = SceneDelegate.swift; sourceTree = "<group>"; };
		E182EDFD29C3635D00DFA535 /* ViewController.swift */ = {isa = PBXFileReference; lastKnownFileType = sourcecode.swift; path = ViewController.swift; sourceTree = "<group>"; };
		E182EE0029C3635D00DFA535 /* Base */ = {isa = PBXFileReference; lastKnownFileType = file.storyboard; name = Base; path = Base.lproj/Main.storyboard; sourceTree = "<group>"; };
		E182EE0229C3635E00DFA535 /* Assets.xcassets */ = {isa = PBXFileReference; lastKnownFileType = folder.assetcatalog; path = Assets.xcassets; sourceTree = "<group>"; };
		E182EE0529C3635E00DFA535 /* Base */ = {isa = PBXFileReference; lastKnownFileType = file.storyboard; name = Base; path = Base.lproj/LaunchScreen.storyboard; sourceTree = "<group>"; };
		E182EE0729C3635E00DFA535 /* Info.plist */ = {isa = PBXFileReference; lastKnownFileType = text.plist.xml; path = Info.plist; sourceTree = "<group>"; };
		E182EE0C29C3635E00DFA535 /* UnitTests.xctest */ = {isa = PBXFileReference; explicitFileType = wrapper.cfbundle; includeInIndex = 0; path = UnitTests.xctest; sourceTree = BUILT_PRODUCTS_DIR; };
		E182EE1029C3635E00DFA535 /* SnapTests.swift */ = {isa = PBXFileReference; lastKnownFileType = sourcecode.swift; path = SnapTests.swift; sourceTree = "<group>"; };
		E182EE1629C3635E00DFA535 /* UITests.xctest */ = {isa = PBXFileReference; explicitFileType = wrapper.cfbundle; includeInIndex = 0; path = UITests.xctest; sourceTree = BUILT_PRODUCTS_DIR; };
		E182EE1A29C3635E00DFA535 /* SnapUITests.swift */ = {isa = PBXFileReference; lastKnownFileType = sourcecode.swift; path = SnapUITests.swift; sourceTree = "<group>"; };
		E182EE1C29C3635E00DFA535 /* SnapUITestsLaunchTests.swift */ = {isa = PBXFileReference; lastKnownFileType = sourcecode.swift; path = SnapUITestsLaunchTests.swift; sourceTree = "<group>"; };
		E182EE3129C367FA00DFA535 /* README.md */ = {isa = PBXFileReference; lastKnownFileType = net.daringfireball.markdown; path = README.md; sourceTree = "<group>"; };
		E182EE3229C367FA00DFA535 /* LICENSE */ = {isa = PBXFileReference; lastKnownFileType = text; path = LICENSE; sourceTree = "<group>"; };
		E182EE3729C368DC00DFA535 /* SnapshotTests.xctest */ = {isa = PBXFileReference; explicitFileType = wrapper.cfbundle; includeInIndex = 0; path = SnapshotTests.xctest; sourceTree = BUILT_PRODUCTS_DIR; };
		E182EE3929C368DC00DFA535 /* SnapshotTests.swift */ = {isa = PBXFileReference; lastKnownFileType = sourcecode.swift; path = SnapshotTests.swift; sourceTree = "<group>"; };
		E182EE4129C3696800DFA535 /* UIViewController+Snapshot.swift */ = {isa = PBXFileReference; lastKnownFileType = sourcecode.swift; path = "UIViewController+Snapshot.swift"; sourceTree = "<group>"; };
		E182EE4529C36EEA00DFA535 /* XCTestCase+Snapshot.swift */ = {isa = PBXFileReference; lastKnownFileType = sourcecode.swift; path = "XCTestCase+Snapshot.swift"; sourceTree = "<group>"; };
/* End PBXFileReference section */

/* Begin PBXFrameworksBuildPhase section */
		E182EDF329C3635D00DFA535 /* Frameworks */ = {
			isa = PBXFrameworksBuildPhase;
			buildActionMask = 2147483647;
			files = (
			);
			runOnlyForDeploymentPostprocessing = 0;
		};
		E182EE0929C3635E00DFA535 /* Frameworks */ = {
			isa = PBXFrameworksBuildPhase;
			buildActionMask = 2147483647;
			files = (
			);
			runOnlyForDeploymentPostprocessing = 0;
		};
		E182EE1329C3635E00DFA535 /* Frameworks */ = {
			isa = PBXFrameworksBuildPhase;
			buildActionMask = 2147483647;
			files = (
			);
			runOnlyForDeploymentPostprocessing = 0;
		};
		E182EE3429C368DC00DFA535 /* Frameworks */ = {
			isa = PBXFrameworksBuildPhase;
			buildActionMask = 2147483647;
			files = (
			);
			runOnlyForDeploymentPostprocessing = 0;
		};
/* End PBXFrameworksBuildPhase section */

/* Begin PBXGroup section */
		E182EDED29C3635D00DFA535 = {
			isa = PBXGroup;
			children = (
				E182EDF829C3635D00DFA535 /* App */,
				E182EE2A29C3658200DFA535 /* Tests */,
				E182EE3029C367EA00DFA535 /* Supporting */,
				E182EDF729C3635D00DFA535 /* Products */,
			);
			indentWidth = 2;
			sourceTree = "<group>";
			tabWidth = 2;
			usesTabs = 0;
		};
		E182EDF729C3635D00DFA535 /* Products */ = {
			isa = PBXGroup;
			children = (
				E182EDF629C3635D00DFA535 /* Snap.app */,
				E182EE0C29C3635E00DFA535 /* UnitTests.xctest */,
				E182EE1629C3635E00DFA535 /* UITests.xctest */,
				E182EE3729C368DC00DFA535 /* SnapshotTests.xctest */,
			);
			name = Products;
			sourceTree = "<group>";
		};
		E182EDF829C3635D00DFA535 /* App */ = {
			isa = PBXGroup;
			children = (
				E182EE2D29C3678B00DFA535 /* Main */,
				E182EE2E29C3679200DFA535 /* UI */,
				E182EE2F29C367DC00DFA535 /* Supporting */,
			);
			path = App;
			sourceTree = "<group>";
		};
		E182EE0F29C3635E00DFA535 /* UnitTests */ = {
			isa = PBXGroup;
			children = (
				E182EE1029C3635E00DFA535 /* SnapTests.swift */,
			);
			path = UnitTests;
			sourceTree = "<group>";
		};
		E182EE1929C3635E00DFA535 /* UITests */ = {
			isa = PBXGroup;
			children = (
				E182EE1A29C3635E00DFA535 /* SnapUITests.swift */,
				E182EE1C29C3635E00DFA535 /* SnapUITestsLaunchTests.swift */,
			);
			path = UITests;
			sourceTree = "<group>";
		};
		E182EE2A29C3658200DFA535 /* Tests */ = {
			isa = PBXGroup;
			children = (
				E182EE0F29C3635E00DFA535 /* UnitTests */,
				E182EE3829C368DC00DFA535 /* SnapshotTests */,
				E182EE1929C3635E00DFA535 /* UITests */,
			);
			path = Tests;
			sourceTree = "<group>";
		};
		E182EE2D29C3678B00DFA535 /* Main */ = {
			isa = PBXGroup;
			children = (
				E182EDF929C3635D00DFA535 /* AppDelegate.swift */,
				E182EDFB29C3635D00DFA535 /* SceneDelegate.swift */,
			);
			path = Main;
			sourceTree = "<group>";
		};
		E182EE2E29C3679200DFA535 /* UI */ = {
			isa = PBXGroup;
			children = (
				E182EDFD29C3635D00DFA535 /* ViewController.swift */,
				E182EE0429C3635E00DFA535 /* LaunchScreen.storyboard */,
				E182EDFF29C3635D00DFA535 /* Main.storyboard */,
				E182EE0229C3635E00DFA535 /* Assets.xcassets */,
			);
			path = UI;
			sourceTree = "<group>";
		};
		E182EE2F29C367DC00DFA535 /* Supporting */ = {
			isa = PBXGroup;
			children = (
				E182EE0729C3635E00DFA535 /* Info.plist */,
			);
			name = Supporting;
			sourceTree = "<group>";
		};
		E182EE3029C367EA00DFA535 /* Supporting */ = {
			isa = PBXGroup;
			children = (
				E182EE3229C367FA00DFA535 /* LICENSE */,
				E182EE3129C367FA00DFA535 /* README.md */,
			);
			name = Supporting;
			sourceTree = "<group>";
		};
		E182EE3829C368DC00DFA535 /* SnapshotTests */ = {
			isa = PBXGroup;
			children = (
				E182EE4029C3694C00DFA535 /* Helpers */,
				E182EE3929C368DC00DFA535 /* SnapshotTests.swift */,
			);
			path = SnapshotTests;
			sourceTree = "<group>";
		};
		E182EE4029C3694C00DFA535 /* Helpers */ = {
			isa = PBXGroup;
			children = (
				E182EE4129C3696800DFA535 /* UIViewController+Snapshot.swift */,
				E182EE4529C36EEA00DFA535 /* XCTestCase+Snapshot.swift */,
			);
			path = Helpers;
			sourceTree = "<group>";
		};
/* End PBXGroup section */

/* Begin PBXNativeTarget section */
		E182EDF529C3635D00DFA535 /* Snap */ = {
			isa = PBXNativeTarget;
			buildConfigurationList = E182EE2029C3635E00DFA535 /* Build configuration list for PBXNativeTarget "Snap" */;
			buildPhases = (
				E182EDF229C3635D00DFA535 /* Sources */,
				E182EDF329C3635D00DFA535 /* Frameworks */,
				E182EDF429C3635D00DFA535 /* Resources */,
			);
			buildRules = (
			);
			dependencies = (
			);
			name = Snap;
			productName = Snap;
			productReference = E182EDF629C3635D00DFA535 /* Snap.app */;
			productType = "com.apple.product-type.application";
		};
		E182EE0B29C3635E00DFA535 /* UnitTests */ = {
			isa = PBXNativeTarget;
			buildConfigurationList = E182EE2329C3635E00DFA535 /* Build configuration list for PBXNativeTarget "UnitTests" */;
			buildPhases = (
				E182EE0829C3635E00DFA535 /* Sources */,
				E182EE0929C3635E00DFA535 /* Frameworks */,
				E182EE0A29C3635E00DFA535 /* Resources */,
			);
			buildRules = (
			);
			dependencies = (
				E182EE0E29C3635E00DFA535 /* PBXTargetDependency */,
			);
			name = UnitTests;
			productName = SnapTests;
			productReference = E182EE0C29C3635E00DFA535 /* UnitTests.xctest */;
			productType = "com.apple.product-type.bundle.unit-test";
		};
		E182EE1529C3635E00DFA535 /* UITests */ = {
			isa = PBXNativeTarget;
			buildConfigurationList = E182EE2629C3635E00DFA535 /* Build configuration list for PBXNativeTarget "UITests" */;
			buildPhases = (
				E182EE1229C3635E00DFA535 /* Sources */,
				E182EE1329C3635E00DFA535 /* Frameworks */,
				E182EE1429C3635E00DFA535 /* Resources */,
			);
			buildRules = (
			);
			dependencies = (
				E182EE1829C3635E00DFA535 /* PBXTargetDependency */,
			);
			name = UITests;
			productName = SnapUITests;
			productReference = E182EE1629C3635E00DFA535 /* UITests.xctest */;
			productType = "com.apple.product-type.bundle.ui-testing";
		};
		E182EE3629C368DC00DFA535 /* SnapshotTests */ = {
			isa = PBXNativeTarget;
			buildConfigurationList = E182EE3F29C368DD00DFA535 /* Build configuration list for PBXNativeTarget "SnapshotTests" */;
			buildPhases = (
				E182EE3329C368DC00DFA535 /* Sources */,
				E182EE3429C368DC00DFA535 /* Frameworks */,
				E182EE3529C368DC00DFA535 /* Resources */,
			);
			buildRules = (
			);
			dependencies = (
				E182EE3C29C368DC00DFA535 /* PBXTargetDependency */,
			);
			name = SnapshotTests;
			productName = SnapshotTests;
			productReference = E182EE3729C368DC00DFA535 /* SnapshotTests.xctest */;
			productType = "com.apple.product-type.bundle.unit-test";
		};
/* End PBXNativeTarget section */

/* Begin PBXProject section */
		E182EDEE29C3635D00DFA535 /* Project object */ = {
			isa = PBXProject;
			attributes = {
				BuildIndependentTargetsInParallel = 1;
				LastSwiftUpdateCheck = 1420;
				LastUpgradeCheck = 1420;
				TargetAttributes = {
					E182EDF529C3635D00DFA535 = {
						CreatedOnToolsVersion = 14.2;
					};
					E182EE0B29C3635E00DFA535 = {
						CreatedOnToolsVersion = 14.2;
						TestTargetID = E182EDF529C3635D00DFA535;
					};
					E182EE1529C3635E00DFA535 = {
						CreatedOnToolsVersion = 14.2;
						TestTargetID = E182EDF529C3635D00DFA535;
					};
					E182EE3629C368DC00DFA535 = {
						CreatedOnToolsVersion = 14.2;
						TestTargetID = E182EDF529C3635D00DFA535;
					};
				};
			};
			buildConfigurationList = E182EDF129C3635D00DFA535 /* Build configuration list for PBXProject "Snap" */;
			compatibilityVersion = "Xcode 14.0";
			developmentRegion = en;
			hasScannedForEncodings = 0;
			knownRegions = (
				en,
				Base,
			);
			mainGroup = E182EDED29C3635D00DFA535;
			productRefGroup = E182EDF729C3635D00DFA535 /* Products */;
			projectDirPath = "";
			projectRoot = "";
			targets = (
				E182EDF529C3635D00DFA535 /* Snap */,
				E182EE0B29C3635E00DFA535 /* UnitTests */,
				E182EE3629C368DC00DFA535 /* SnapshotTests */,
				E182EE1529C3635E00DFA535 /* UITests */,
			);
		};
/* End PBXProject section */

/* Begin PBXResourcesBuildPhase section */
		E182EDF429C3635D00DFA535 /* Resources */ = {
			isa = PBXResourcesBuildPhase;
			buildActionMask = 2147483647;
			files = (
				E182EE0629C3635E00DFA535 /* LaunchScreen.storyboard in Resources */,
				E182EE0329C3635E00DFA535 /* Assets.xcassets in Resources */,
				E182EE0129C3635D00DFA535 /* Main.storyboard in Resources */,
			);
			runOnlyForDeploymentPostprocessing = 0;
		};
		E182EE0A29C3635E00DFA535 /* Resources */ = {
			isa = PBXResourcesBuildPhase;
			buildActionMask = 2147483647;
			files = (
			);
			runOnlyForDeploymentPostprocessing = 0;
		};
		E182EE1429C3635E00DFA535 /* Resources */ = {
			isa = PBXResourcesBuildPhase;
			buildActionMask = 2147483647;
			files = (
			);
			runOnlyForDeploymentPostprocessing = 0;
		};
		E182EE3529C368DC00DFA535 /* Resources */ = {
			isa = PBXResourcesBuildPhase;
			buildActionMask = 2147483647;
			files = (
			);
			runOnlyForDeploymentPostprocessing = 0;
		};
/* End PBXResourcesBuildPhase section */

/* Begin PBXSourcesBuildPhase section */
		E182EDF229C3635D00DFA535 /* Sources */ = {
			isa = PBXSourcesBuildPhase;
			buildActionMask = 2147483647;
			files = (
				E182EDFE29C3635D00DFA535 /* ViewController.swift in Sources */,
				E182EDFA29C3635D00DFA535 /* AppDelegate.swift in Sources */,
				E182EDFC29C3635D00DFA535 /* SceneDelegate.swift in Sources */,
			);
			runOnlyForDeploymentPostprocessing = 0;
		};
		E182EE0829C3635E00DFA535 /* Sources */ = {
			isa = PBXSourcesBuildPhase;
			buildActionMask = 2147483647;
			files = (
				E182EE1129C3635E00DFA535 /* SnapTests.swift in Sources */,
			);
			runOnlyForDeploymentPostprocessing = 0;
		};
		E182EE1229C3635E00DFA535 /* Sources */ = {
			isa = PBXSourcesBuildPhase;
			buildActionMask = 2147483647;
			files = (
				E182EE1D29C3635E00DFA535 /* SnapUITestsLaunchTests.swift in Sources */,
				E182EE1B29C3635E00DFA535 /* SnapUITests.swift in Sources */,
			);
			runOnlyForDeploymentPostprocessing = 0;
		};
		E182EE3329C368DC00DFA535 /* Sources */ = {
			isa = PBXSourcesBuildPhase;
			buildActionMask = 2147483647;
			files = (
				E182EE4629C36EEA00DFA535 /* XCTestCase+Snapshot.swift in Sources */,
				E182EE4229C3696800DFA535 /* UIViewController+Snapshot.swift in Sources */,
				E182EE3A29C368DC00DFA535 /* SnapshotTests.swift in Sources */,
			);
			runOnlyForDeploymentPostprocessing = 0;
		};
/* End PBXSourcesBuildPhase section */

/* Begin PBXTargetDependency section */
		E182EE0E29C3635E00DFA535 /* PBXTargetDependency */ = {
			isa = PBXTargetDependency;
			target = E182EDF529C3635D00DFA535 /* Snap */;
			targetProxy = E182EE0D29C3635E00DFA535 /* PBXContainerItemProxy */;
		};
		E182EE1829C3635E00DFA535 /* PBXTargetDependency */ = {
			isa = PBXTargetDependency;
			target = E182EDF529C3635D00DFA535 /* Snap */;
			targetProxy = E182EE1729C3635E00DFA535 /* PBXContainerItemProxy */;
		};
		E182EE3C29C368DC00DFA535 /* PBXTargetDependency */ = {
			isa = PBXTargetDependency;
			target = E182EDF529C3635D00DFA535 /* Snap */;
			targetProxy = E182EE3B29C368DC00DFA535 /* PBXContainerItemProxy */;
		};
/* End PBXTargetDependency section */

/* Begin PBXVariantGroup section */
		E182EDFF29C3635D00DFA535 /* Main.storyboard */ = {
			isa = PBXVariantGroup;
			children = (
				E182EE0029C3635D00DFA535 /* Base */,
			);
			name = Main.storyboard;
			sourceTree = "<group>";
		};
		E182EE0429C3635E00DFA535 /* LaunchScreen.storyboard */ = {
			isa = PBXVariantGroup;
			children = (
				E182EE0529C3635E00DFA535 /* Base */,
			);
			name = LaunchScreen.storyboard;
			sourceTree = "<group>";
		};
/* End PBXVariantGroup section */

/* Begin XCBuildConfiguration section */
		E182EE1E29C3635E00DFA535 /* Debug */ = {
			isa = XCBuildConfiguration;
			buildSettings = {
				ALWAYS_SEARCH_USER_PATHS = NO;
				CLANG_ANALYZER_NONNULL = YES;
				CLANG_ANALYZER_NUMBER_OBJECT_CONVERSION = YES_AGGRESSIVE;
				CLANG_CXX_LANGUAGE_STANDARD = "gnu++20";
				CLANG_ENABLE_MODULES = YES;
				CLANG_ENABLE_OBJC_ARC = YES;
				CLANG_ENABLE_OBJC_WEAK = YES;
				CLANG_WARN_BLOCK_CAPTURE_AUTORELEASING = YES;
				CLANG_WARN_BOOL_CONVERSION = YES;
				CLANG_WARN_COMMA = YES;
				CLANG_WARN_CONSTANT_CONVERSION = YES;
				CLANG_WARN_DEPRECATED_OBJC_IMPLEMENTATIONS = YES;
				CLANG_WARN_DIRECT_OBJC_ISA_USAGE = YES_ERROR;
				CLANG_WARN_DOCUMENTATION_COMMENTS = YES;
				CLANG_WARN_EMPTY_BODY = YES;
				CLANG_WARN_ENUM_CONVERSION = YES;
				CLANG_WARN_INFINITE_RECURSION = YES;
				CLANG_WARN_INT_CONVERSION = YES;
				CLANG_WARN_NON_LITERAL_NULL_CONVERSION = YES;
				CLANG_WARN_OBJC_IMPLICIT_RETAIN_SELF = YES;
				CLANG_WARN_OBJC_LITERAL_CONVERSION = YES;
				CLANG_WARN_OBJC_ROOT_CLASS = YES_ERROR;
				CLANG_WARN_QUOTED_INCLUDE_IN_FRAMEWORK_HEADER = YES;
				CLANG_WARN_RANGE_LOOP_ANALYSIS = YES;
				CLANG_WARN_STRICT_PROTOTYPES = YES;
				CLANG_WARN_SUSPICIOUS_MOVE = YES;
				CLANG_WARN_UNGUARDED_AVAILABILITY = YES_AGGRESSIVE;
				CLANG_WARN_UNREACHABLE_CODE = YES;
				CLANG_WARN__DUPLICATE_METHOD_MATCH = YES;
				COPY_PHASE_STRIP = NO;
				CURRENT_PROJECT_VERSION = 1;
				DEBUG_INFORMATION_FORMAT = dwarf;
				ENABLE_STRICT_OBJC_MSGSEND = YES;
				ENABLE_TESTABILITY = YES;
				GCC_C_LANGUAGE_STANDARD = gnu11;
				GCC_DYNAMIC_NO_PIC = NO;
				GCC_NO_COMMON_BLOCKS = YES;
				GCC_OPTIMIZATION_LEVEL = 0;
				GCC_PREPROCESSOR_DEFINITIONS = (
					"DEBUG=1",
					"$(inherited)",
				);
				GCC_WARN_64_TO_32_BIT_CONVERSION = YES;
				GCC_WARN_ABOUT_RETURN_TYPE = YES_ERROR;
				GCC_WARN_UNDECLARED_SELECTOR = YES;
				GCC_WARN_UNINITIALIZED_AUTOS = YES_AGGRESSIVE;
				GCC_WARN_UNUSED_FUNCTION = YES;
				GCC_WARN_UNUSED_VARIABLE = YES;
				IPHONEOS_DEPLOYMENT_TARGET = 16.2;
				MARKETING_VERSION = 0.1;
				MTL_ENABLE_DEBUG_INFO = INCLUDE_SOURCE;
				MTL_FAST_MATH = YES;
				ONLY_ACTIVE_ARCH = YES;
				SDKROOT = iphoneos;
				SWIFT_ACTIVE_COMPILATION_CONDITIONS = DEBUG;
				SWIFT_OPTIMIZATION_LEVEL = "-Onone";
				VERSIONING_SYSTEM = "apple-generic";
			};
			name = Debug;
		};
		E182EE1F29C3635E00DFA535 /* Release */ = {
			isa = XCBuildConfiguration;
			buildSettings = {
				ALWAYS_SEARCH_USER_PATHS = NO;
				CLANG_ANALYZER_NONNULL = YES;
				CLANG_ANALYZER_NUMBER_OBJECT_CONVERSION = YES_AGGRESSIVE;
				CLANG_CXX_LANGUAGE_STANDARD = "gnu++20";
				CLANG_ENABLE_MODULES = YES;
				CLANG_ENABLE_OBJC_ARC = YES;
				CLANG_ENABLE_OBJC_WEAK = YES;
				CLANG_WARN_BLOCK_CAPTURE_AUTORELEASING = YES;
				CLANG_WARN_BOOL_CONVERSION = YES;
				CLANG_WARN_COMMA = YES;
				CLANG_WARN_CONSTANT_CONVERSION = YES;
				CLANG_WARN_DEPRECATED_OBJC_IMPLEMENTATIONS = YES;
				CLANG_WARN_DIRECT_OBJC_ISA_USAGE = YES_ERROR;
				CLANG_WARN_DOCUMENTATION_COMMENTS = YES;
				CLANG_WARN_EMPTY_BODY = YES;
				CLANG_WARN_ENUM_CONVERSION = YES;
				CLANG_WARN_INFINITE_RECURSION = YES;
				CLANG_WARN_INT_CONVERSION = YES;
				CLANG_WARN_NON_LITERAL_NULL_CONVERSION = YES;
				CLANG_WARN_OBJC_IMPLICIT_RETAIN_SELF = YES;
				CLANG_WARN_OBJC_LITERAL_CONVERSION = YES;
				CLANG_WARN_OBJC_ROOT_CLASS = YES_ERROR;
				CLANG_WARN_QUOTED_INCLUDE_IN_FRAMEWORK_HEADER = YES;
				CLANG_WARN_RANGE_LOOP_ANALYSIS = YES;
				CLANG_WARN_STRICT_PROTOTYPES = YES;
				CLANG_WARN_SUSPICIOUS_MOVE = YES;
				CLANG_WARN_UNGUARDED_AVAILABILITY = YES_AGGRESSIVE;
				CLANG_WARN_UNREACHABLE_CODE = YES;
				CLANG_WARN__DUPLICATE_METHOD_MATCH = YES;
				COPY_PHASE_STRIP = NO;
				CURRENT_PROJECT_VERSION = 1;
				DEBUG_INFORMATION_FORMAT = "dwarf-with-dsym";
				ENABLE_NS_ASSERTIONS = NO;
				ENABLE_STRICT_OBJC_MSGSEND = YES;
				GCC_C_LANGUAGE_STANDARD = gnu11;
				GCC_NO_COMMON_BLOCKS = YES;
				GCC_WARN_64_TO_32_BIT_CONVERSION = YES;
				GCC_WARN_ABOUT_RETURN_TYPE = YES_ERROR;
				GCC_WARN_UNDECLARED_SELECTOR = YES;
				GCC_WARN_UNINITIALIZED_AUTOS = YES_AGGRESSIVE;
				GCC_WARN_UNUSED_FUNCTION = YES;
				GCC_WARN_UNUSED_VARIABLE = YES;
				IPHONEOS_DEPLOYMENT_TARGET = 16.2;
				MARKETING_VERSION = 0.1;
				MTL_ENABLE_DEBUG_INFO = NO;
				MTL_FAST_MATH = YES;
				SDKROOT = iphoneos;
				SWIFT_COMPILATION_MODE = wholemodule;
				SWIFT_OPTIMIZATION_LEVEL = "-O";
				VALIDATE_PRODUCT = YES;
				VERSIONING_SYSTEM = "apple-generic";
			};
			name = Release;
		};
		E182EE2129C3635E00DFA535 /* Debug */ = {
			isa = XCBuildConfiguration;
			buildSettings = {
				ASSETCATALOG_COMPILER_APPICON_NAME = AppIcon;
				ASSETCATALOG_COMPILER_GLOBAL_ACCENT_COLOR_NAME = AccentColor;
				CODE_SIGN_STYLE = Automatic;
				GENERATE_INFOPLIST_FILE = YES;
				INFOPLIST_FILE = App/Info.plist;
				INFOPLIST_KEY_UIApplicationSupportsIndirectInputEvents = YES;
				INFOPLIST_KEY_UILaunchStoryboardName = LaunchScreen;
				INFOPLIST_KEY_UIMainStoryboardFile = Main;
				INFOPLIST_KEY_UISupportedInterfaceOrientations_iPad = "UIInterfaceOrientationPortrait UIInterfaceOrientationPortraitUpsideDown UIInterfaceOrientationLandscapeLeft UIInterfaceOrientationLandscapeRight";
				INFOPLIST_KEY_UISupportedInterfaceOrientations_iPhone = "UIInterfaceOrientationPortrait UIInterfaceOrientationLandscapeLeft UIInterfaceOrientationLandscapeRight";
				LD_RUNPATH_SEARCH_PATHS = (
					"$(inherited)",
					"@executable_path/Frameworks",
				);
				PRODUCT_BUNDLE_IDENTIFIER = reggian.sandbox.Snap;
				PRODUCT_NAME = "$(TARGET_NAME)";
				SWIFT_EMIT_LOC_STRINGS = YES;
				SWIFT_VERSION = 5.0;
				TARGETED_DEVICE_FAMILY = "1,2";
			};
			name = Debug;
		};
		E182EE2229C3635E00DFA535 /* Release */ = {
			isa = XCBuildConfiguration;
			buildSettings = {
				ASSETCATALOG_COMPILER_APPICON_NAME = AppIcon;
				ASSETCATALOG_COMPILER_GLOBAL_ACCENT_COLOR_NAME = AccentColor;
				CODE_SIGN_STYLE = Automatic;
				GENERATE_INFOPLIST_FILE = YES;
				INFOPLIST_FILE = App/Info.plist;
				INFOPLIST_KEY_UIApplicationSupportsIndirectInputEvents = YES;
				INFOPLIST_KEY_UILaunchStoryboardName = LaunchScreen;
				INFOPLIST_KEY_UIMainStoryboardFile = Main;
				INFOPLIST_KEY_UISupportedInterfaceOrientations_iPad = "UIInterfaceOrientationPortrait UIInterfaceOrientationPortraitUpsideDown UIInterfaceOrientationLandscapeLeft UIInterfaceOrientationLandscapeRight";
				INFOPLIST_KEY_UISupportedInterfaceOrientations_iPhone = "UIInterfaceOrientationPortrait UIInterfaceOrientationLandscapeLeft UIInterfaceOrientationLandscapeRight";
				LD_RUNPATH_SEARCH_PATHS = (
					"$(inherited)",
					"@executable_path/Frameworks",
				);
				PRODUCT_BUNDLE_IDENTIFIER = reggian.sandbox.Snap;
				PRODUCT_NAME = "$(TARGET_NAME)";
				SWIFT_EMIT_LOC_STRINGS = YES;
				SWIFT_VERSION = 5.0;
				TARGETED_DEVICE_FAMILY = "1,2";
			};
			name = Release;
		};
		E182EE2429C3635E00DFA535 /* Debug */ = {
			isa = XCBuildConfiguration;
			buildSettings = {
				ALWAYS_EMBED_SWIFT_STANDARD_LIBRARIES = YES;
				BUNDLE_LOADER = "$(TEST_HOST)";
				CODE_SIGN_STYLE = Automatic;
				GENERATE_INFOPLIST_FILE = YES;
				IPHONEOS_DEPLOYMENT_TARGET = 16.2;
				PRODUCT_BUNDLE_IDENTIFIER = reggian.sandbox.Snap.UnitTests;
				PRODUCT_NAME = "$(TARGET_NAME)";
				SWIFT_EMIT_LOC_STRINGS = NO;
				SWIFT_VERSION = 5.0;
				TARGETED_DEVICE_FAMILY = "1,2";
				TEST_HOST = "$(BUILT_PRODUCTS_DIR)/Snap.app/$(BUNDLE_EXECUTABLE_FOLDER_PATH)/Snap";
			};
			name = Debug;
		};
		E182EE2529C3635E00DFA535 /* Release */ = {
			isa = XCBuildConfiguration;
			buildSettings = {
				ALWAYS_EMBED_SWIFT_STANDARD_LIBRARIES = YES;
				BUNDLE_LOADER = "$(TEST_HOST)";
				CODE_SIGN_STYLE = Automatic;
				GENERATE_INFOPLIST_FILE = YES;
				IPHONEOS_DEPLOYMENT_TARGET = 16.2;
				PRODUCT_BUNDLE_IDENTIFIER = reggian.sandbox.Snap.UnitTests;
				PRODUCT_NAME = "$(TARGET_NAME)";
				SWIFT_EMIT_LOC_STRINGS = NO;
				SWIFT_VERSION = 5.0;
				TARGETED_DEVICE_FAMILY = "1,2";
				TEST_HOST = "$(BUILT_PRODUCTS_DIR)/Snap.app/$(BUNDLE_EXECUTABLE_FOLDER_PATH)/Snap";
			};
			name = Release;
		};
		E182EE2729C3635E00DFA535 /* Debug */ = {
			isa = XCBuildConfiguration;
			buildSettings = {
				ALWAYS_EMBED_SWIFT_STANDARD_LIBRARIES = YES;
				CODE_SIGN_STYLE = Automatic;
				GENERATE_INFOPLIST_FILE = YES;
				PRODUCT_BUNDLE_IDENTIFIER = reggian.sandbox.Snap.UITests;
				PRODUCT_NAME = "$(TARGET_NAME)";
				SWIFT_EMIT_LOC_STRINGS = NO;
				SWIFT_VERSION = 5.0;
				TARGETED_DEVICE_FAMILY = "1,2";
				TEST_TARGET_NAME = Snap;
			};
			name = Debug;
		};
		E182EE2829C3635E00DFA535 /* Release */ = {
			isa = XCBuildConfiguration;
			buildSettings = {
				ALWAYS_EMBED_SWIFT_STANDARD_LIBRARIES = YES;
				CODE_SIGN_STYLE = Automatic;
				GENERATE_INFOPLIST_FILE = YES;
				PRODUCT_BUNDLE_IDENTIFIER = reggian.sandbox.Snap.UITests;
				PRODUCT_NAME = "$(TARGET_NAME)";
				SWIFT_EMIT_LOC_STRINGS = NO;
				SWIFT_VERSION = 5.0;
				TARGETED_DEVICE_FAMILY = "1,2";
				TEST_TARGET_NAME = Snap;
			};
			name = Release;
		};
		E182EE3D29C368DD00DFA535 /* Debug */ = {
			isa = XCBuildConfiguration;
			buildSettings = {
				BUNDLE_LOADER = "$(TEST_HOST)";
				CODE_SIGN_STYLE = Automatic;
				CURRENT_PROJECT_VERSION = 1;
				GENERATE_INFOPLIST_FILE = YES;
				MARKETING_VERSION = 1.0;
				PRODUCT_BUNDLE_IDENTIFIER = reggian.sandbox.Snap.SnapshotTests;
				PRODUCT_NAME = "$(TARGET_NAME)";
				SWIFT_EMIT_LOC_STRINGS = NO;
				SWIFT_VERSION = 5.0;
				TARGETED_DEVICE_FAMILY = "1,2";
				TEST_HOST = "$(BUILT_PRODUCTS_DIR)/Snap.app/$(BUNDLE_EXECUTABLE_FOLDER_PATH)/Snap";
			};
			name = Debug;
		};
		E182EE3E29C368DD00DFA535 /* Release */ = {
			isa = XCBuildConfiguration;
			buildSettings = {
				BUNDLE_LOADER = "$(TEST_HOST)";
				CODE_SIGN_STYLE = Automatic;
				CURRENT_PROJECT_VERSION = 1;
				GENERATE_INFOPLIST_FILE = YES;
				MARKETING_VERSION = 1.0;
				PRODUCT_BUNDLE_IDENTIFIER = reggian.sandbox.Snap.SnapshotTests;
				PRODUCT_NAME = "$(TARGET_NAME)";
				SWIFT_EMIT_LOC_STRINGS = NO;
				SWIFT_VERSION = 5.0;
				TARGETED_DEVICE_FAMILY = "1,2";
				TEST_HOST = "$(BUILT_PRODUCTS_DIR)/Snap.app/$(BUNDLE_EXECUTABLE_FOLDER_PATH)/Snap";
			};
			name = Release;
		};
/* End XCBuildConfiguration section */

/* Begin XCConfigurationList section */
		E182EDF129C3635D00DFA535 /* Build configuration list for PBXProject "Snap" */ = {
			isa = XCConfigurationList;
			buildConfigurations = (
				E182EE1E29C3635E00DFA535 /* Debug */,
				E182EE1F29C3635E00DFA535 /* Release */,
			);
			defaultConfigurationIsVisible = 0;
			defaultConfigurationName = Release;
		};
		E182EE2029C3635E00DFA535 /* Build configuration list for PBXNativeTarget "Snap" */ = {
			isa = XCConfigurationList;
			buildConfigurations = (
				E182EE2129C3635E00DFA535 /* Debug */,
				E182EE2229C3635E00DFA535 /* Release */,
			);
			defaultConfigurationIsVisible = 0;
			defaultConfigurationName = Release;
		};
		E182EE2329C3635E00DFA535 /* Build configuration list for PBXNativeTarget "UnitTests" */ = {
			isa = XCConfigurationList;
			buildConfigurations = (
				E182EE2429C3635E00DFA535 /* Debug */,
				E182EE2529C3635E00DFA535 /* Release */,
			);
			defaultConfigurationIsVisible = 0;
			defaultConfigurationName = Release;
		};
		E182EE2629C3635E00DFA535 /* Build configuration list for PBXNativeTarget "UITests" */ = {
			isa = XCConfigurationList;
			buildConfigurations = (
				E182EE2729C3635E00DFA535 /* Debug */,
				E182EE2829C3635E00DFA535 /* Release */,
			);
			defaultConfigurationIsVisible = 0;
			defaultConfigurationName = Release;
		};
		E182EE3F29C368DD00DFA535 /* Build configuration list for PBXNativeTarget "SnapshotTests" */ = {
			isa = XCConfigurationList;
			buildConfigurations = (
				E182EE3D29C368DD00DFA535 /* Debug */,
				E182EE3E29C368DD00DFA535 /* Release */,
			);
			defaultConfigurationIsVisible = 0;
			defaultConfigurationName = Release;
		};
/* End XCConfigurationList section */
	};
	rootObject = E182EDEE29C3635D00DFA535 /* Project object */;
}
